
Microsoft Visual Studio Solution File, Format Version 12.00
# Visual Studio Version 16
VisualStudioVersion = 16.0.30225.117
MinimumVisualStudioVersion = 10.0.40219.1
Project("{FAE04EC0-301F-11D3-BF4B-00C04F79EFBC}") = "Comp123-m2020-part1", "Comp123-m2020-part1\Comp123-m2020-part1.csproj", "{701E376F-6BDE-428A-A9CC-B3ECDDF68B38}"
EndProject
Global
	GlobalSection(SolutionConfigurationPlatforms) = preSolution
		Debug|Any CPU = Debug|Any CPU
		Release|Any CPU = Release|Any CPU
	EndGlobalSection
	GlobalSection(ProjectConfigurationPlatforms) = postSolution
		{701E376F-6BDE-428A-A9CC-B3ECDDF68B38}.Debug|Any CPU.ActiveCfg = Debug|Any CPU
		{701E376F-6BDE-428A-A9CC-B3ECDDF68B38}.Debug|Any CPU.Build.0 = Debug|Any CPU
		{701E376F-6BDE-428A-A9CC-B3ECDDF68B38}.Release|Any CPU.ActiveCfg = Release|Any CPU
		{701E376F-6BDE-428A-A9CC-B3ECDDF68B38}.Release|Any CPU.Build.0 = Release|Any CPU
	EndGlobalSection
	GlobalSection(SolutionProperties) = preSolution
		HideSolutionNode = FALSE
	EndGlobalSection
	GlobalSection(ExtensibilityGlobals) = postSolution
		SolutionGuid = {F6632D99-E03E-485F-84AB-2458FAB79F4C}
	EndGlobalSection
EndGlobal
